{
  "name": "koa-useragent",
  "version": "0.0.0-development",
  "lockfileVersion": 1,
  "requires": true,
  "dependencies": {
    "@ava/babel-plugin-throws-helper": {
      "version": "4.0.0",
      "resolved": "https://registry.npmjs.org/@ava/babel-plugin-throws-helper/-/babel-plugin-throws-helper-4.0.0.tgz",
      "integrity": "sha512-3diBLIVBPPh3j4+hb5lo0I1D+S/O/VDJPI4Y502apBxmwEqjyXG4gTSPFUlm41sSZeZzMarT/Gzovw9kV7An0w==",
      "dev": true
    },
    "@ava/babel-preset-stage-4": {
      "version": "4.0.0",
      "resolved": "https://registry.npmjs.org/@ava/babel-preset-stage-4/-/babel-preset-stage-4-4.0.0.tgz",
      "integrity": "sha512-lZEV1ZANzfzSYBU6WHSErsy7jLPbD1iIgAboASPMcKo7woVni5/5IKWeT0RxC8rY802MFktur3OKEw2JY1Tv2w==",
      "dev": true,
      "requires": {
        "@babel/plugin-proposal-async-generator-functions": "^7.2.0",
        "@babel/plugin-proposal-dynamic-import": "^7.5.0",
        "@babel/plugin-proposal-optional-catch-binding": "^7.2.0",
        "@babel/plugin-transform-dotall-regex": "^7.4.4",
        "@babel/plugin-transform-modules-commonjs": "^7.5.0"
      }
    },
    "@ava/babel-preset-transform-test-files": {
      "version": "6.0.0",
      "resolved": "https://registry.npmjs.org/@ava/babel-preset-transform-test-files/-/babel-preset-transform-test-files-6.0.0.tgz",
      "integrity": "sha512-8eKhFzZp7Qcq1VLfoC75ggGT8nQs9q8fIxltU47yCB7Wi7Y8Qf6oqY1Bm0z04fIec24vEgr0ENhDHEOUGVDqnA==",
      "dev": true,
      "requires": {
        "@ava/babel-plugin-throws-helper": "^4.0.0",
        "babel-plugin-espower": "^3.0.1"
      }
    },
    "@babel/code-frame": {
      "version": "7.5.5",
      "resolved": "https://registry.npmjs.org/@babel/code-frame/-/code-frame-7.5.5.tgz",
      "integrity": "sha512-27d4lZoomVyo51VegxI20xZPuSHusqbQag/ztrBC7wegWoQ1nLREPVSKSW8byhTlzTKyNE4ifaTA6lCp7JjpFw==",
      "dev": true,
      "requires": {
        "@babel/highlight": "^7.0.0"
      }
    },
    "@babel/core": {
      "version": "7.6.4",
      "resolved": "https://registry.npmjs.org/@babel/core/-/core-7.6.4.tgz",
      "integrity": "sha512-Rm0HGw101GY8FTzpWSyRbki/jzq+/PkNQJ+nSulrdY6gFGOsNseCqD6KHRYe2E+EdzuBdr2pxCp6s4Uk6eJ+XQ==",
      "dev": true,
      "requires": {
        "@babel/code-frame": "^7.5.5",
        "@babel/generator": "^7.6.4",
        "@babel/helpers": "^7.6.2",
        "@babel/parser": "^7.6.4",
        "@babel/template": "^7.6.0",
        "@babel/traverse": "^7.6.3",
        "@babel/types": "^7.6.3",
        "convert-source-map": "^1.1.0",
        "debug": "^4.1.0",
        "json5": "^2.1.0",
        "lodash": "^4.17.13",
        "resolve": "^1.3.2",
        "semver": "^5.4.1",
        "source-map": "^0.5.0"
      }
    },
    "@babel/generator": {
      "version": "7.6.4",
      "resolved": "https://registry.npmjs.org/@babel/generator/-/generator-7.6.4.tgz",
      "integrity": "sha512-jsBuXkFoZxk0yWLyGI9llT9oiQ2FeTASmRFE32U+aaDTfoE92t78eroO7PTpU/OrYq38hlcDM6vbfLDaOLy+7w==",
      "dev": true,
      "requires": {
        "@babel/types": "^7.6.3",
        "jsesc": "^2.5.1",
        "lodash": "^4.17.13",
        "source-map": "^0.5.0"
      }
    },
    "@babel/helper-annotate-as-pure": {
      "version": "7.0.0",
      "resolved": "https://registry.npmjs.org/@babel/helper-annotate-as-pure/-/helper-annotate-as-pure-7.0.0.tgz",
      "integrity": "sha512-3UYcJUj9kvSLbLbUIfQTqzcy5VX7GRZ/CCDrnOaZorFFM01aXp1+GJwuFGV4NDDoAS+mOUyHcO6UD/RfqOks3Q==",
      "dev": true,
      "requires": {
        "@babel/types": "^7.0.0"
      }
    },
    "@babel/helper-function-name": {
      "version": "7.1.0",
      "resolved": "https://registry.npmjs.org/@babel/helper-function-name/-/helper-function-name-7.1.0.tgz",
      "integrity": "sha512-A95XEoCpb3TO+KZzJ4S/5uW5fNe26DjBGqf1o9ucyLyCmi1dXq/B3c8iaWTfBk3VvetUxl16e8tIrd5teOCfGw==",
      "dev": true,
      "requires": {
        "@babel/helper-get-function-arity": "^7.0.0",
        "@babel/template": "^7.1.0",
        "@babel/types": "^7.0.0"
      }
    },
    "@babel/helper-get-function-arity": {
      "version": "7.0.0",
      "resolved": "https://registry.npmjs.